
Microsoft Visual Studio Solution File, Format Version 12.00
Project("{FAE04EC0-301F-11D3-BF4B-00C04F79EFBC}") = "CargoApp.Dal", "CargoApp.Dal\CargoApp.Dal.csproj", "{426D59A5-EECF-4C8F-BE8D-85A4F1D63AFF}"
EndProject
Project("{FAE04EC0-301F-11D3-BF4B-00C04F79EFBC}") = "CargoApp.Entities", "CargoApp.Entities\CargoApp.Entities.csproj", "{68DF9460-E050-4E41-9619-3AE7C1927B2E}"
EndProject
Project("{FAE04EC0-301F-11D3-BF4B-00C04F79EFBC}") = "CargoApp.Map", "CargoApp.Map\CargoApp.Map.csproj", "{EFF2EC79-90EF-43DC-A308-A8357629E1F2}"
EndProject
Project("{FAE04EC0-301F-11D3-BF4B-00C04F79EFBC}") = "CargoApp.Api", "CargoApp.Api\CargoApp.Api.csproj", "{2178B058-1DFE-4928-8624-9661B26C86ED}"
EndProject
Global
	GlobalSection(SolutionConfigurationPlatforms) = preSolution
		Debug|Any CPU = Debug|Any CPU
		Release|Any CPU = Release|Any CPU
	EndGlobalSection
	GlobalSection(ProjectConfigurationPlatforms) = postSolution
		{426D59A5-EECF-4C8F-BE8D-85A4F1D63AFF}.Debug|Any CPU.ActiveCfg = Debug|Any CPU
		{426D59A5-EECF-4C8F-BE8D-85A4F1D63AFF}.Debug|Any CPU.Build.0 = Debug|Any CPU
		{426D59A5-EECF-4C8F-BE8D-85A4F1D63AFF}.Release|Any CPU.ActiveCfg = Release|Any CPU
		{426D59A5-EECF-4C8F-BE8D-85A4F1D63AFF}.Release|Any CPU.Build.0 = Release|Any CPU
		{68DF9460-E050-4E41-9619-3AE7C1927B2E}.Debug|Any CPU.ActiveCfg = Debug|Any CPU
		{68DF9460-E050-4E41-9619-3AE7C1927B2E}.Debug|Any CPU.Build.0 = Debug|Any CPU
		{68DF9460-E050-4E41-9619-3AE7C1927B2E}.Release|Any CPU.ActiveCfg = Release|Any CPU
		{68DF9460-E050-4E41-9619-3AE7C1927B2E}.Release|Any CPU.Build.0 = Release|Any CPU
		{EFF2EC79-90EF-43DC-A308-A8357629E1F2}.Debug|Any CPU.ActiveCfg = Debug|Any CPU
		{EFF2EC79-90EF-43DC-A308-A8357629E1F2}.Debug|Any CPU.Build.0 = Debug|Any CPU
		{EFF2EC79-90EF-43DC-A308-A8357629E1F2}.Release|Any CPU.ActiveCfg = Release|Any CPU
		{EFF2EC79-90EF-43DC-A308-A8357629E1F2}.Release|Any CPU.Build.0 = Release|Any CPU
		{2178B058-1DFE-4928-8624-9661B26C86ED}.Debug|Any CPU.ActiveCfg = Debug|Any CPU
		{2178B058-1DFE-4928-8624-9661B26C86ED}.Debug|Any CPU.Build.0 = Debug|Any CPU
		{2178B058-1DFE-4928-8624-9661B26C86ED}.Release|Any CPU.ActiveCfg = Release|Any CPU
		{2178B058-1DFE-4928-8624-9661B26C86ED}.Release|Any CPU.Build.0 = Release|Any CPU
	EndGlobalSection
EndGlobal
